{
  "name": "@filepounder/parameter-parser",
  "version": "0.0.1",
  "lockfileVersion": 1,
  "requires": true,
  "dependencies": {
    "check-types": {
      "version": "8.0.2",
      "resolved": "https://registry.npmjs.org/check-types/-/check-types-8.0.2.tgz",
      "integrity": "sha512-rS6P/iiI/5YVTKc2uYi30l6rp3ygz3+C8woEGQMsJ/77tl5LiSrLxOIm4cNAG3RhjHeKXUn1GrzTED3heX3tPw=="
    },
    "deepcopy": {
      "version": "2.0.0",
      "resolved": "https://registry.npmjs.org/deepcopy/-/deepcopy-2.0.0.tgz",
      "integrity": "sha512-d5ZK7pJw7F3k6M5vqDjGiiUS9xliIyWkdzBjnPhnSeRGjkYOGZMCFkdKVwV/WiHOe0NwzB8q+iDo7afvSf0arA==",
      "requires": {
        "type-detect": "^4.0.8"
      }
    },
    "foreach": {
      "version": "2.0.5",
      "resolved": "https://registry.npmjs.org/foreach/-/foreach-2.0.5.tgz",
      "integrity": "sha1-C+4AUBiusmDQo6865ljdATbsG5k="
    },
    "json-magic": {
      "version": "0.0.8",
      "resolved": "https://registry.npmjs.org/json-magic/-/json-magic-0.0.8.tgz",
      "integrity": "sha512-MUFcDhlz5Y4mECRMk2bAB9/Twx4aYU5kqZuTklh6/uAOlBeJ7BSedzTkHq98W+gskrdjbr/jIaRSu1Fgc8gnYg==",
      "requires": {
        "check-types": "8.0.2",
        "json-pointer": "0.6.0",
        "underscore.string": "3.3.5"
      }
    },
    "json-pointer": {
      "version": "0.6.0",
      "resolved": "https://registry.npmjs.org/json-pointer/-/json-pointer-0.6.0.tgz",
      "integrity": "sha1-jlAFUKaqxUZKRzN32leqbMIoKNc=",
      "requires": {
        "foreach": "^2.0.4"
      }
    },
    "sprintf-js": {
      "version": "1.1.2",
      "resolved": "https://registry.npmjs.org/sprintf-js/-/sprintf-js-1.1.2.tgz",
      "integrity": "sha512-VE0SOVEHCk7Qc8ulkWw3ntAzXuqf7S2lvwQaDLRnUeIEaKNQJzV6BwmLKhOqT61aGhfUMrXeaBk+oDGCzvhcug=="
    },
    "type-detect": {
      "version": "4.0.8",
      "resolved": "https://registry.npmjs.org/type-detect/-/type-detect-4.0.8.tgz",
      "integrity": "sha512-0fr/mIH1dlO+x7TlcMy+bIDqKPsw/70tVyeHW787goQjhmqaZe10uwLujubK9q9Lg6Fiho1KUKDYz0Z7k7g5/g=="
    },
    "underscore.string": {
      "version": "3.3.5",
      "resolved": "https://registry.npmjs.org/underscore.string/-/underscore.string-3.3.5.tgz",
      "integrity": "sha512-g+dpmgn+XBneLmXXo+sGlW5xQEt4ErkS3mgeN2GFbremYeMBSJKr9Wf2KJplQVaiPY/f7FN6atosWYNm9ovrYg==",
      "requires": {
        "sprintf-js": "^1.0.3",
        "util-deprecate": "^1.0.2"
      }
    },
    "util-deprecate": {
      "version": "1.0.2",
      "resolved": "https://registry.npmjs.org/util-deprecate/-/util-deprecate-1.0.2.tgz",
      "integrity": "sha1-RQ1Nyfpw3nMnYvvS1KKJgUGaDM8="
    }
  }
}
